
Microsoft Visual Studio Solution File, Format Version 12.00
# Visual Studio Version 16
VisualStudioVersion = 16.0.30105.148
MinimumVisualStudioVersion = 15.0.26124.0
Project("{2150E333-8FDC-42A3-9474-1A3956D46DE8}") = "0.- Common", "0.- Common", "{69BF8EE1-DB1C-4EFC-934F-27E18A427B73}"
EndProject
Project("{2150E333-8FDC-42A3-9474-1A3956D46DE8}") = "1.- Data", "1.- Data", "{8EF0FBDA-3EFA-4EA7-86C9-4B2D69523CAA}"
EndProject
Project("{2150E333-8FDC-42A3-9474-1A3956D46DE8}") = "2.- Business", "2.- Business", "{4AAFE3AA-69AF-4084-9694-A5355B446A05}"
EndProject
Project("{2150E333-8FDC-42A3-9474-1A3956D46DE8}") = "3.- Service", "3.- Service", "{A252EC71-3ABA-4AC0-974F-763498CF04FB}"
EndProject
Project("{2150E333-8FDC-42A3-9474-1A3956D46DE8}") = "4.- UI", "4.- UI", "{57851E67-B5F4-4554-8638-255A6145282A}"
EndProject
Project("{FAE04EC0-301F-11D3-BF4B-00C04F79EFBC}") = "Demos.AzureDevOps.UI.Web", "Demos.AzureDevOps.UI.Web\Demos.AzureDevOps.UI.Web.csproj", "{D6FC2A61-0B88-45FB-87B4-78B5FF7326C5}"
EndProject
Project("{FAE04EC0-301F-11D3-BF4B-00C04F79EFBC}") = "Demos.AzureDevOps.Service.Api", "Demos.AzureDevOps.Service.Api\Demos.AzureDevOps.Service.Api.csproj", "{64981146-DB71-40B4-8B93-BD04245EF539}"
EndProject
Project("{FAE04EC0-301F-11D3-BF4B-00C04F79EFBC}") = "Demos.AzureDevOps.Business", "Demos.AzureDevOps.Business\Demos.AzureDevOps.Business.csproj", "{CEDD8A48-ABD4-4579-A755-BC369989E677}"
EndProject
Project("{FAE04EC0-301F-11D3-BF4B-00C04F79EFBC}") = "Demos.AzureDevOps.Data", "Demos.AzureDevOps.Data\Demos.AzureDevOps.Data.csproj", "{5AE6BE3B-AAFF-4750-B20F-31D200A8A7FF}"
EndProject
Project("{FAE04EC0-301F-11D3-BF4B-00C04F79EFBC}") = "Demos.AzureDevOps.Data.Mockups", "Demos.AzureDevOps.Data.Mockups\Demos.AzureDevOps.Data.Mockups.csproj", "{974D02BC-39A3-44B0-96FB-B7C58E521F2C}"
EndProject
Project("{FAE04EC0-301F-11D3-BF4B-00C04F79EFBC}") = "Demos.AzureDevOps.Common", "Demos.AzureDevOps.Common\Demos.AzureDevOps.Common.csproj", "{109C6998-9809-4224-AD15-D69BA751BD9C}"
EndProject
Project("{2150E333-8FDC-42A3-9474-1A3956D46DE8}") = "UnitTest", "UnitTest", "{5CC4FC11-F3D1-47D0-96DC-FB2B0C76C43E}"
EndProject
Project("{FAE04EC0-301F-11D3-BF4B-00C04F79EFBC}") = "Demos.AzureDevOps.Business.Test", "Demos.AzureDevOps.Business.Test\Demos.AzureDevOps.Business.Test.csproj", "{87AF67D9-8B41-457E-A879-E76BFB83E2F2}"
EndProject
Global
	GlobalSection(SolutionConfigurationPlatforms) = preSolution
		Debug|Any CPU = Debug|Any CPU
		Debug|x64 = Debug|x64
		Debug|x86 = Debug|x86
		Release|Any CPU = Release|Any CPU
		Release|x64 = Release|x64
		Release|x86 = Release|x86
	EndGlobalSection
	GlobalSection(ProjectConfigurationPlatforms) = postSolution
		{D6FC2A61-0B88-45FB-87B4-78B5FF7326C5}.Debug|Any CPU.ActiveCfg = Debug|Any CPU
		{D6FC2A61-0B88-45FB-87B4-78B5FF7326C5}.Debug|Any CPU.Build.0 = Debug|Any CPU
		{D6FC2A61-0B88-45FB-87B4-78B5FF7326C5}.Debug|x64.ActiveCfg = Debug|Any CPU
		{D6FC2A61-0B88-45FB-87B4-78B5FF7326C5}.Debug|x64.Build.0 = Debug|Any CPU
		{D6FC2A61-0B88-45FB-87B4-78B5FF7326C5}.Debug|x86.ActiveCfg = Debug|Any CPU
		{D6FC2A61-0B88-45FB-87B4-78B5FF7326C5}.Debug|x86.Build.0 = Debug|Any CPU
		{D6FC2A61-0B88-45FB-87B4-78B5FF7326C5}.Release|Any CPU.ActiveCfg = Release|Any CPU
		{D6FC2A61-0B88-45FB-87B4-78B5FF7326C5}.Release|Any CPU.Build.0 = Release|Any CPU
		{D6FC2A61-0B88-45FB-87B4-78B5FF7326C5}.Release|x64.ActiveCfg = Release|Any CPU
		{D6FC2A61-0B88-45FB-87B4-78B5FF7326C5}.Release|x64.Build.0 = Release|Any CPU
		{D6FC2A61-0B88-45FB-87B4-78B5FF7326C5}.Release|x86.ActiveCfg = Release|Any CPU
		{D6FC2A61-0B88-45FB-87B4-78B5FF7326C5}.Release|x86.Build.0 = Release|Any CPU
		{64981146-DB71-40B4-8B93-BD04245EF539}.Debug|Any CPU.ActiveCfg = Debug|Any CPU
		{64981146-DB71-40B4-8B93-BD04245EF539}.Debug|Any CPU.Build.0 = Debug|Any CPU
		{64981146-DB71-40B4-8B93-BD04245EF539}.Debug|x64.ActiveCfg = Debug|Any CPU
		{64981146-DB71-40B4-8B93-BD04245EF539}.Debug|x64.Build.0 = Debug|Any CPU
		{64981146-DB71-40B4-8B93-BD04245EF539}.Debug|x86.ActiveCfg = Debug|Any CPU
		{64981146-DB71-40B4-8B93-BD04245EF539}.Debug|x86.Build.0 = Debug|Any CPU
		{64981146-DB71-40B4-8B93-BD04245EF539}.Release|Any CPU.ActiveCfg = Release|Any CPU
		{64981146-DB71-40B4-8B93-BD04245EF539}.Release|Any CPU.Build.0 = Release|Any CPU
		{64981146-DB71-40B4-8B93-BD04245EF539}.Release|x64.ActiveCfg = Release|Any CPU
		{64981146-DB71-40B4-8B93-BD04245EF539}.Release|x64.Build.0 = Release|Any CPU
		{64981146-DB71-40B4-8B93-BD04245EF539}.Release|x86.ActiveCfg = Release|Any CPU
		{64981146-DB71-40B4-8B93-BD04245EF539}.Release|x86.Build.0 = Release|Any CPU
		{CEDD8A48-ABD4-4579-A755-BC369989E677}.Debug|Any CPU.ActiveCfg = Debug|Any CPU
		{CEDD8A48-ABD4-4579-A755-BC369989E677}.Debug|Any CPU.Build.0 = Debug|Any CPU
		{CEDD8A48-ABD4-4579-A755-BC369989E677}.Debug|x64.ActiveCfg = Debug|Any CPU
		{CEDD8A48-ABD4-4579-A755-BC369989E677}.Debug|x64.Build.0 = Debug|Any CPU
		{CEDD8A48-ABD4-4579-A755-BC369989E677}.Debug|x86.ActiveCfg = Debug|Any CPU
		{CEDD8A48-ABD4-4579-A755-BC369989E677}.Debug|x86.Build.0 = Debug|Any CPU
		{CEDD8A48-ABD4-4579-A755-BC369989E677}.Release|Any CPU.ActiveCfg = Release|Any CPU
		{CEDD8A48-ABD4-4579-A755-BC369989E677}.Release|Any CPU.Build.0 = Release|Any CPU
		{CEDD8A48-ABD4-4579-A755-BC369989E677}.Release|x64.ActiveCfg = Release|Any CPU
		{CEDD8A48-ABD4-4579-A755-BC369989E677}.Release|x64.Build.0 = Release|Any CPU
		{CEDD8A48-ABD4-4579-A755-BC369989E677}.Release|x86.ActiveCfg = Release|Any CPU
		{CEDD8A48-ABD4-4579-A755-BC369989E677}.Release|x86.Build.0 = Release|Any CPU
		{5AE6BE3B-AAFF-4750-B20F-31D200A8A7FF}.Debug|Any CPU.ActiveCfg = Debug|Any CPU
		{5AE6BE3B-AAFF-4750-B20F-31D200A8A7FF}.Debug|Any CPU.Build.0 = Debug|Any CPU
		{5AE6BE3B-AAFF-4750-B20F-31D200A8A7FF}.Debug|x64.ActiveCfg = Debug|Any CPU
		{5AE6BE3B-AAFF-4750-B20F-31D200A8A7FF}.Debug|x64.Build.0 = Debug|Any CPU
		{5AE6BE3B-AAFF-4750-B20F-31D200A8A7FF}.Debug|x86.ActiveCfg = Debug|Any CPU
		{5AE6BE3B-AAFF-4750-B20F-31D200A8A7FF}.Debug|x86.Build.0 = Debug|Any CPU
		{5AE6BE3B-AAFF-4750-B20F-31D200A8A7FF}.Release|Any CPU.ActiveCfg = Release|Any CPU
		{5AE6BE3B-AAFF-4750-B20F-31D200A8A7FF}.Release|Any CPU.Build.0 = Release|Any CPU
		{5AE6BE3B-AAFF-4750-B20F-31D200A8A7FF}.Release|x64.ActiveCfg = Release|Any CPU
		{5AE6BE3B-AAFF-4750-B20F-31D200A8A7FF}.Release|x64.Build.0 = Release|Any CPU
		{5AE6BE3B-AAFF-4750-B20F-31D200A8A7FF}.Release|x86.ActiveCfg = Release|Any CPU
		{5AE6BE3B-AAFF-4750-B20F-31D200A8A7FF}.Release|x86.Build.0 = Release|Any CPU
		{974D02BC-39A3-44B0-96FB-B7C58E521F2C}.Debug|Any CPU.ActiveCfg = Debug|Any CPU
		{974D02BC-39A3-44B0-96FB-B7C58E521F2C}.Debug|Any CPU.Build.0 = Debug|Any CPU
		{974D02BC-39A3-44B0-96FB-B7C58E521F2C}.Debug|x64.ActiveCfg = Debug|Any CPU
		{974D02BC-39A3-44B0-96FB-B7C58E521F2C}.Debug|x64.Build.0 = Debug|Any CPU
		{974D02BC-39A3-44B0-96FB-B7C58E521F2C}.Debug|x86.ActiveCfg = Debug|Any CPU
		{974D02BC-39A3-44B0-96FB-B7C58E521F2C}.Debug|x86.Build.0 = Debug|Any CPU
		{974D02BC-39A3-44B0-96FB-B7C58E521F2C}.Release|Any CPU.ActiveCfg = Release|Any CPU
		{974D02BC-39A3-44B0-96FB-B7C58E521F2C}.Release|Any CPU.Build.0 = Release|Any CPU
		{974D02BC-39A3-44B0-96FB-B7C58E521F2C}.Release|x64.ActiveCfg = Release|Any CPU
		{974D02BC-39A3-44B0-96FB-B7C58E521F2C}.Release|x64.Build.0 = Release|Any CPU
		{974D02BC-39A3-44B0-96FB-B7C58E521F2C}.Release|x86.ActiveCfg = Release|Any CPU
		{974D02BC-39A3-44B0-96FB-B7C58E521F2C}.Release|x86.Build.0 = Release|Any CPU
		{109C6998-9809-4224-AD15-D69BA751BD9C}.Debug|Any CPU.ActiveCfg = Debug|Any CPU
		{109C6998-9809-4224-AD15-D69BA751BD9C}.Debug|Any CPU.Build.0 = Debug|Any CPU
		{109C6998-9809-4224-AD15-D69BA751BD9C}.Debug|x64.ActiveCfg = Debug|Any CPU
		{109C6998-9809-4224-AD15-D69BA751BD9C}.Debug|x64.Build.0 = Debug|Any CPU
		{109C6998-9809-4224-AD15-D69BA751BD9C}.Debug|x86.ActiveCfg = Debug|Any CPU
		{109C6998-9809-4224-AD15-D69BA751BD9C}.Debug|x86.Build.0 = Debug|Any CPU
		{109C6998-9809-4224-AD15-D69BA751BD9C}.Release|Any CPU.ActiveCfg = Release|Any CPU
		{109C6998-9809-4224-AD15-D69BA751BD9C}.Release|Any CPU.Build.0 = Release|Any CPU
		{109C6998-9809-4224-AD15-D69BA751BD9C}.Release|x64.ActiveCfg = Release|Any CPU
		{109C6998-9809-4224-AD15-D69BA751BD9C}.Release|x64.Build.0 = Release|Any CPU
		{109C6998-9809-4224-AD15-D69BA751BD9C}.Release|x86.ActiveCfg = Release|Any CPU
		{109C6998-9809-4224-AD15-D69BA751BD9C}.Release|x86.Build.0 = Release|Any CPU
		{87AF67D9-8B41-457E-A879-E76BFB83E2F2}.Debug|Any CPU.ActiveCfg = Debug|Any CPU
		{87AF67D9-8B41-457E-A879-E76BFB83E2F2}.Debug|Any CPU.Build.0 = Debug|Any CPU
		{87AF67D9-8B41-457E-A879-E76BFB83E2F2}.Debug|x64.ActiveCfg = Debug|Any CPU
		{87AF67D9-8B41-457E-A879-E76BFB83E2F2}.Debug|x64.Build.0 = Debug|Any CPU
		{87AF67D9-8B41-457E-A879-E76BFB83E2F2}.Debug|x86.ActiveCfg = Debug|Any CPU
		{87AF67D9-8B41-457E-A879-E76BFB83E2F2}.Debug|x86.Build.0 = Debug|Any CPU
		{87AF67D9-8B41-457E-A879-E76BFB83E2F2}.Release|Any CPU.ActiveCfg = Release|Any CPU
		{87AF67D9-8B41-457E-A879-E76BFB83E2F2}.Release|Any CPU.Build.0 = Release|Any CPU
		{87AF67D9-8B41-457E-A879-E76BFB83E2F2}.Release|x64.ActiveCfg = Release|Any CPU
		{87AF67D9-8B41-457E-A879-E76BFB83E2F2}.Release|x64.Build.0 = Release|Any CPU
		{87AF67D9-8B41-457E-A879-E76BFB83E2F2}.Release|x86.ActiveCfg = Release|Any CPU
		{87AF67D9-8B41-457E-A879-E76BFB83E2F2}.Release|x86.Build.0 = Release|Any CPU
	EndGlobalSection
	GlobalSection(SolutionProperties) = preSolution
		HideSolutionNode = FALSE
	EndGlobalSection
	GlobalSection(NestedProjects) = preSolution
		{D6FC2A61-0B88-45FB-87B4-78B5FF7326C5} = {57851E67-B5F4-4554-8638-255A6145282A}
		{64981146-DB71-40B4-8B93-BD04245EF539} = {A252EC71-3ABA-4AC0-974F-763498CF04FB}
		{CEDD8A48-ABD4-4579-A755-BC369989E677} = {4AAFE3AA-69AF-4084-9694-A5355B446A05}
		{5AE6BE3B-AAFF-4750-B20F-31D200A8A7FF} = {8EF0FBDA-3EFA-4EA7-86C9-4B2D69523CAA}
		{974D02BC-39A3-44B0-96FB-B7C58E521F2C} = {8EF0FBDA-3EFA-4EA7-86C9-4B2D69523CAA}
		{109C6998-9809-4224-AD15-D69BA751BD9C} = {69BF8EE1-DB1C-4EFC-934F-27E18A427B73}
		{87AF67D9-8B41-457E-A879-E76BFB83E2F2} = {5CC4FC11-F3D1-47D0-96DC-FB2B0C76C43E}
	EndGlobalSection
	GlobalSection(ExtensibilityGlobals) = postSolution
		SolutionGuid = {E4F5F9D3-9AA0-4859-B72A-6078313D833D}
	EndGlobalSection
EndGlobal
